{
  "version": 4,
  "terraform_version": "0.15.4",
  "serial": 14,
  "lineage": "d84c6c69-b86e-adb3-eda4-2e906d29bfb3",
  "outputs": {},
  "resources": [
    {
      "mode": "managed",
      "type": "aws_elb",
      "name": "jjtechelb",
      "provider": "provider[\"registry.terraform.io/hashicorp/aws\"]",
      "instances": [
        {
          "schema_version": 0,
          "attributes": {
            "access_logs": [],
            "arn": "arn:aws:elasticloadbalancing:us-east-1:230785127668:loadbalancer/jjtechelb",
            "availability_zones": [
              "us-east-1a",
              "us-east-1b"
            ],
            "connection_draining": true,
            "connection_draining_timeout": 400,
            "cross_zone_load_balancing": true,
            "dns_name": "jjtechelb-1294354515.us-east-1.elb.amazonaws.com",
            "health_check": [
              {
                "healthy_threshold": 2,
                "interval": 30,
                "target": "HTTP:8000/",
                "timeout": 3,
                "unhealthy_threshold": 2
              }
            ],
            "id": "jjtechelb",
            "idle_timeout": 400,
            "instances": [],
            "internal": false,
            "listener": [
              {
                "instance_port": 8000,
                "instance_protocol": "http",
                "lb_port": 80,
                "lb_protocol": "http",
                "ssl_certificate_id": ""
              }
            ],
            "name": "jjtechelb",
            "name_prefix": null,
            "security_groups": [
              "sg-0d6691485ee6e5dce"
            ],
            "source_security_group": "230785127668/default_elb_002dc590-34a9-3618-95a8-7ba08d8b4578",
            "source_security_group_id": "sg-0d6691485ee6e5dce",
            "subnets": [
              "subnet-504b601d",
              "subnet-c431559b"
            ],
            "tags": {
              "Name": "jjtechelb"
            },
            "tags_all": {
              "Name": "jjtechelb"
            },
            "zone_id": "Z35SXDOTRQ7X7K"
          },
          "sensitive_attributes": [],
          "private": "bnVsbA=="
        }
      ]
    }
  ]
}
